// !$*UTF8*$!
{
	archiveVersion = 1;
	classes = {
	};
	objectVersion = 56;
	objects = {

/* Begin PBXBuildFile section */
		4DE63F0F2ABF677900550644 /* AppDelegate.swift in Sources */ = {isa = PBXBuildFile; fileRef = 4DE63F0E2ABF677900550644 /* AppDelegate.swift */; };
		4DE63F112ABF677900550644 /* SceneDelegate.swift in Sources */ = {isa = PBXBuildFile; fileRef = 4DE63F102ABF677900550644 /* SceneDelegate.swift */; };
		4DE63F182ABF677B00550644 /* Assets.xcassets in Resources */ = {isa = PBXBuildFile; fileRef = 4DE63F172ABF677B00550644 /* Assets.xcassets */; };
		4DE63F1B2ABF677B00550644 /* LaunchScreen.storyboard in Resources */ = {isa = PBXBuildFile; fileRef = 4DE63F192ABF677B00550644 /* LaunchScreen.storyboard */; };
		4DE63F252ABF67C600550644 /* MainVC.swift in Sources */ = {isa = PBXBuildFile; fileRef = 4DE63F232ABF67C600550644 /* MainVC.swift */; };
		4DE63F262ABF67C600550644 /* MainVC.xib in Resources */ = {isa = PBXBuildFile; fileRef = 4DE63F242ABF67C600550644 /* MainVC.xib */; };
		4DE63F2B2ABF705300550644 /* RegisterQuestions.json in Resources */ = {isa = PBXBuildFile; fileRef = 4DE63F2A2ABF705300550644 /* RegisterQuestions.json */; };
		4DE63F2E2ABF7A8F00550644 /* RegisterQuestionDM.swift in Sources */ = {isa = PBXBuildFile; fileRef = 4DE63F2D2ABF7A8F00550644 /* RegisterQuestionDM.swift */; };
		4DE63F312ABF7AE800550644 /* Assisant.swift in Sources */ = {isa = PBXBuildFile; fileRef = 4DE63F302ABF7AE800550644 /* Assisant.swift */; };
		4DE63F342AC02A8300550644 /* AddressDetailedTVC.swift in Sources */ = {isa = PBXBuildFile; fileRef = 4DE63F332AC02A8300550644 /* AddressDetailedTVC.swift */; };
		4DE63F372AC0359E00550644 /* SubMainVC.swift in Sources */ = {isa = PBXBuildFile; fileRef = 4DE63F352AC0359E00550644 /* SubMainVC.swift */; };
		4DE63F382AC0359E00550644 /* SubMainVC.xib in Resources */ = {isa = PBXBuildFile; fileRef = 4DE63F362AC0359E00550644 /* SubMainVC.xib */; };
/* End PBXBuildFile section */

/* Begin PBXFileReference section */
		4DE63F0B2ABF677900550644 /* SeveralPage.app */ = {isa = PBXFileReference; explicitFileType = wrapper.application; includeInIndex = 0; path = SeveralPage.app; sourceTree = BUILT_PRODUCTS_DIR; };
		4DE63F0E2ABF677900550644 /* AppDelegate.swift */ = {isa = PBXFileReference; lastKnownFileType = sourcecode.swift; path = AppDelegate.swift; sourceTree = "<group>"; };
		4DE63F102ABF677900550644 /* SceneDelegate.swift */ = {isa = PBXFileReference; lastKnownFileType = sourcecode.swift; path = SceneDelegate.swift; sourceTree = "<group>"; };
		4DE63F172ABF677B00550644 /* Assets.xcassets */ = {isa = PBXFileReference; lastKnownFileType = folder.assetcatalog; path = Assets.xcassets; sourceTree = "<group>"; };
		4DE63F1A2ABF677B00550644 /* Base */ = {isa = PBXFileReference; lastKnownFileType = file.storyboard; name = Base; path = Base.lproj/LaunchScreen.storyboard; sourceTree = "<group>"; };
		4DE63F1C2ABF677B00550644 /* Info.plist */ = {isa = PBXFileReference; lastKnownFileType = text.plist.xml; path = Info.plist; sourceTree = "<group>"; };
		4DE63F232ABF67C600550644 /* MainVC.swift */ = {isa = PBXFileReference; lastKnownFileType = sourcecode.swift; path = MainVC.swift; sourceTree = "<group>"; };
		4DE63F242ABF67C600550644 /* MainVC.xib */ = {isa = PBXFileReference; lastKnownFileType = file.xib; path = MainVC.xib; sourceTree = "<group>"; };
		4DE63F2A2ABF705300550644 /* RegisterQuestions.json */ = {isa = PBXFileReference; explicitFileType = text.json; path = RegisterQuestions.json; sourceTree = "<group>"; usesTabs = 0; };
		4DE63F2D2ABF7A8F00550644 /* RegisterQuestionDM.swift */ = {isa = PBXFileReference; lastKnownFileType = sourcecode.swift; path = RegisterQuestionDM.swift; sourceTree = "<group>"; };
		4DE63F302ABF7AE800550644 /* Assisant.swift */ = {isa = PBXFileReference; lastKnownFileType = sourcecode.swift; path = Assisant.swift; sourceTree = "<group>"; };
		4DE63F332AC02A8300550644 /* AddressDetailedTVC.swift */ = {isa = PBXFileReference; fileEncoding = 4; lastKnownFileType = sourcecode.swift; path = AddressDetailedTVC.swift; sourceTree = "<group>"; };
		4DE63F352AC0359E00550644 /* SubMainVC.swift */ = {isa = PBXFileReference; lastKnownFileType = sourcecode.swift; path = SubMainVC.swift; sourceTree = "<group>"; };
		4DE63F362AC0359E00550644 /* SubMainVC.xib */ = {isa = PBXFileReference; lastKnownFileType = file.xib; path = SubMainVC.xib; sourceTree = "<group>"; };
/* End PBXFileReference section */

/* Begin PBXFrameworksBuildPhase section */
		4DE63F082ABF677900550644 /* Frameworks */ = {
			isa = PBXFrameworksBuildPhase;
			buildActionMask = 2147483647;
			files = (
			);
			runOnlyForDeploymentPostprocessing = 0;
		};
/* End PBXFrameworksBuildPhase section */

/* Begin PBXGroup section */
		4DE63F022ABF677900550644 = {
			isa = PBXGroup;
			children = (
				4DE63F0D2ABF677900550644 /* SeveralPage */,
				4DE63F0C2ABF677900550644 /* Products */,
			);
			sourceTree = "<group>";
		};
		4DE63F0C2ABF677900550644 /* Products */ = {
			isa = PBXGroup;
			children = (
				4DE63F0B2ABF677900550644 /* SeveralPage.app */,
			);
			name = Products;
			sourceTree = "<group>";
		};
		4DE63F0D2ABF677900550644 /* SeveralPage */ = {
			isa = PBXGroup;
			children = (
				4DE63F0E2ABF677900550644 /* AppDelegate.swift */,
				4DE63F102ABF677900550644 /* SceneDelegate.swift */,
				4DE63F2F2ABF7ACC00550644 /* Connector */,
				4DE63F2C2ABF7A7D00550644 /* Model */,
				4DE63F272ABF700300550644 /* Data */,
				4DE63F222ABF67B300550644 /* Controller */,
				4DE63F172ABF677B00550644 /* Assets.xcassets */,
				4DE63F192ABF677B00550644 /* LaunchScreen.storyboard */,
				4DE63F1C2ABF677B00550644 /* Info.plist */,
			);
			path = SeveralPage;
			sourceTree = "<group>";
		};
		4DE63F222ABF67B300550644 /* Controller */ = {
			isa = PBXGroup;
			children = (
				4DE63F322AC02A7A00550644 /* TVC */,
				4DE63F232ABF67C600550644 /* MainVC.swift */,
				4DE63F242ABF67C600550644 /* MainVC.xib */,
				4DE63F352AC0359E00550644 /* SubMainVC.swift */,
				4DE63F362AC0359E00550644 /* SubMainVC.xib */,
			);
			path = Controller;
			sourceTree = "<group>";
		};
		4DE63F272ABF700300550644 /* Data */ = {
			isa = PBXGroup;
			children = (
				4DE63F2A2ABF705300550644 /* RegisterQuestions.json */,
			);
			path = Data;
			sourceTree = "<group>";
		};
		4DE63F2C2ABF7A7D00550644 /* Model */ = {
			isa = PBXGroup;
			children = (
				4DE63F2D2ABF7A8F00550644 /* RegisterQuestionDM.swift */,
			);
			path = Model;
			sourceTree = "<group>";
		};
		4DE63F2F2ABF7ACC00550644 /* Connector */ = {
			isa = PBXGroup;
			children = (
				4DE63F302ABF7AE800550644 /* Assisant.swift */,
			);
			path = Connector;
			sourceTree = "<group>";
		};
		4DE63F322AC02A7A00550644 /* TVC */ = {
			isa = PBXGroup;
			children = (
				4DE63F332AC02A8300550644 /* AddressDetailedTVC.swift */,
			);
			path = TVC;
			sourceTree = "<group>";
		};
/* End PBXGroup section */

/* Begin PBXNativeTarget section */
		4DE63F0A2ABF677900550644 /* SeveralPage */ = {
			isa = PBXNativeTarget;
			buildConfigurationList = 4DE63F1F2ABF677B00550644 /* Build configuration list for PBXNativeTarget "SeveralPage" */;
			buildPhases = (
				4DE63F072ABF677900550644 /* Sources */,
				4DE63F082ABF677900550644 /* Frameworks */,
				4DE63F092ABF677900550644 /* Resources */,
			);
			buildRules = (
			);
			dependencies = (
			);
			name = SeveralPage;
			productName = SeveralPage;
			productReference = 4DE63F0B2ABF677900550644 /* SeveralPage.app */;
			productType = "com.apple.product-type.application";
		};
/* End PBXNativeTarget section */

/* Begin PBXProject section */
		4DE63F032ABF677900550644 /* Project object */ = {
			isa = PBXProject;
			attributes = {
				BuildIndependentTargetsInParallel = 1;
				LastSwiftUpdateCheck = 1420;
				LastUpgradeCheck = 1420;
				TargetAttributes = {
					4DE63F0A2ABF677900550644 = {
						CreatedOnToolsVersion = 14.2;
					};
				};
			};
			buildConfigurationList = 4DE63F062ABF677900550644 /* Build configuration list for PBXProject "SeveralPage" */;
			compatibilityVersion = "Xcode 14.0";
			developmentRegion = en;
			hasScannedForEncodings = 0;
			knownRegions = (
				en,
				Base,
			);
			mainGroup = 4DE63F022ABF677900550644;
			productRefGroup = 4DE63F0C2ABF677900550644 /* Products */;
			projectDirPath = "";
			projectRoot = "";
			targets = (
				4DE63F0A2ABF677900550644 /* SeveralPage */,
			);
		};
/* End PBXProject section */

/* Begin PBXResourcesBuildPhase section */
		4DE63F092ABF677900550644 /* Resources */ = {
			isa = PBXResourcesBuildPhase;
			buildActionMask = 2147483647;
			files = (
				4DE63F262ABF67C600550644 /* MainVC.xib in Resources */,
				4DE63F2B2ABF705300550644 /* RegisterQuestions.json in Resources */,
				4DE63F382AC0359E00550644 /* SubMainVC.xib in Resources */,
				4DE63F1B2ABF677B00550644 /* LaunchScreen.storyboard in Resources */,
				4DE63F182ABF677B00550644 /* Assets.xcassets in Resources */,
			);
			runOnlyForDeploymentPostprocessing = 0;
		};
/* End PBXResourcesBuildPhase section */

/* Begin PBXSourcesBuildPhase section */
		4DE63F072ABF677900550644 /* Sources */ = {
			isa = PBXSourcesBuildPhase;
			buildActionMask = 2147483647;
			files = (
				4DE63F342AC02A8300550644 /* AddressDetailedTVC.swift in Sources */,
				4DE63F0F2ABF677900550644 /* AppDelegate.swift in Sources */,
				4DE63F2E2ABF7A8F00550644 /* RegisterQuestionDM.swift in Sources */,
				4DE63F372AC0359E00550644 /* SubMainVC.swift in Sources */,
				4DE63F312ABF7AE800550644 /* Assisant.swift in Sources */,
				4DE63F252ABF67C600550644 /* MainVC.swift in Sources */,
				4DE63F112ABF677900550644 /* SceneDelegate.swift in Sources */,
			);
			runOnlyForDeploymentPostprocessing = 0;
		};
/* End PBXSourcesBuildPhase section */

/* Begin PBXVariantGroup section */
		4DE63F192ABF677B00550644 /* LaunchScreen.storyboard */ = {
			isa = PBXVariantGroup;
			children = (
				4DE63F1A2ABF677B00550644 /* Base */,
			);
			name = LaunchScreen.storyboard;
			sourceTree = "<group>";
		};
/* End PBXVariantGroup section */

/* Begin XCBuildConfiguration section */
		4DE63F1D2ABF677B00550644 /* Debug */ = {
			isa = XCBuildConfiguration;
			buildSettings = {
				ALWAYS_SEARCH_USER_PATHS = NO;
				CLANG_ANALYZER_NONNULL = YES;
				CLANG_ANALYZER_NUMBER_OBJECT_CONVERSION = YES_AGGRESSIVE;
				CLANG_CXX_LANGUAGE_STANDARD = "gnu++20";
				CLANG_ENABLE_MODULES = YES;
				CLANG_ENABLE_OBJC_ARC = YES;
				CLANG_ENABLE_OBJC_WEAK = YES;
				CLANG_WARN_BLOCK_CAPTURE_AUTORELEASING = YES;
				CLANG_WARN_BOOL_CONVERSION = YES;
				CLANG_WARN_COMMA = YES;
				CLANG_WARN_CONSTANT_CONVERSION = YES;
				CLANG_WARN_DEPRECATED_OBJC_IMPLEMENTATIONS = YES;
				CLANG_WARN_DIRECT_OBJC_ISA_USAGE = YES_ERROR;
				CLANG_WARN_DOCUMENTATION_COMMENTS = YES;
				CLANG_WARN_EMPTY_BODY = YES;
				CLANG_WARN_ENUM_CONVERSION = YES;
				CLANG_WARN_INFINITE_RECURSION = YES;
				CLANG_WARN_INT_CONVERSION = YES;
				CLANG_WARN_NON_LITERAL_NULL_CONVERSION = YES;
				CLANG_WARN_OBJC_IMPLICIT_RETAIN_SELF = YES;
				CLANG_WARN_OBJC_LITERAL_CONVERSION = YES;
				CLANG_WARN_OBJC_ROOT_CLASS = YES_ERROR;
				CLANG_WARN_QUOTED_INCLUDE_IN_FRAMEWORK_HEADER = YES;
				CLANG_WARN_RANGE_LOOP_ANALYSIS = YES;
				CLANG_WARN_STRICT_PROTOTYPES = YES;
				CLANG_WARN_SUSPICIOUS_MOVE = YES;
				CLANG_WARN_UNGUARDED_AVAILABILITY = YES_AGGRESSIVE;
				CLANG_WARN_UNREACHABLE_CODE = YES;
				CLANG_WARN__DUPLICATE_METHOD_MATCH = YES;
				COPY_PHASE_STRIP = NO;
				DEBUG_INFORMATION_FORMAT = dwarf;
				ENABLE_STRICT_OBJC_MSGSEND = YES;
				ENABLE_TESTABILITY = YES;
				GCC_C_LANGUAGE_STANDARD = gnu11;
				GCC_DYNAMIC_NO_PIC = NO;
				GCC_NO_COMMON_BLOCKS = YES;
				GCC_OPTIMIZATION_LEVEL = 0;
				GCC_PREPROCESSOR_DEFINITIONS = (
					"DEBUG=1",
					"$(inherited)",
				);
				GCC_WARN_64_TO_32_BIT_CONVERSION = YES;
				GCC_WARN_ABOUT_RETURN_TYPE = YES_ERROR;
				GCC_WARN_UNDECLARED_SELECTOR = YES;
				GCC_WARN_UNINITIALIZED_AUTOS = YES_AGGRESSIVE;
				GCC_WARN_UNUSED_FUNCTION = YES;
				GCC_WARN_UNUSED_VARIABLE = YES;
				IPHONEOS_DEPLOYMENT_TARGET = 16.2;
				MTL_ENABLE_DEBUG_INFO = INCLUDE_SOURCE;
				MTL_FAST_MATH = YES;
				ONLY_ACTIVE_ARCH = YES;
				SDKROOT = iphoneos;
				SWIFT_ACTIVE_COMPILATION_CONDITIONS = DEBUG;
				SWIFT_OPTIMIZATION_LEVEL = "-Onone";
			};
			name = Debug;
		};
		4DE63F1E2ABF677B00550644 /* Release */ = {
			isa = XCBuildConfiguration;
			buildSettings = {
				ALWAYS_SEARCH_USER_PATHS = NO;
				CLANG_ANALYZER_NONNULL = YES;
				CLANG_ANALYZER_NUMBER_OBJECT_CONVERSION = YES_AGGRESSIVE;
				CLANG_CXX_LANGUAGE_STANDARD = "gnu++20";
				CLANG_ENABLE_MODULES = YES;
				CLANG_ENABLE_OBJC_ARC = YES;
				CLANG_ENABLE_OBJC_WEAK = YES;
				CLANG_WARN_BLOCK_CAPTURE_AUTORELEASING = YES;
				CLANG_WARN_BOOL_CONVERSION = YES;
				CLANG_WARN_COMMA = YES;
				CLANG_WARN_CONSTANT_CONVERSION = YES;
				CLANG_WARN_DEPRECATED_OBJC_IMPLEMENTATIONS = YES;
				CLANG_WARN_DIRECT_OBJC_ISA_USAGE = YES_ERROR;
				CLANG_WARN_DOCUMENTATION_COMMENTS = YES;
				CLANG_WARN_EMPTY_BODY = YES;
				CLANG_WARN_ENUM_CONVERSION = YES;
				CLANG_WARN_INFINITE_RECURSION = YES;
				CLANG_WARN_INT_CONVERSION = YES;
				CLANG_WARN_NON_LITERAL_NULL_CONVERSION = YES;
				CLANG_WARN_OBJC_IMPLICIT_RETAIN_SELF = YES;
				CLANG_WARN_OBJC_LITERAL_CONVERSION = YES;
				CLANG_WARN_OBJC_ROOT_CLASS = YES_ERROR;
				CLANG_WARN_QUOTED_INCLUDE_IN_FRAMEWORK_HEADER = YES;
				CLANG_WARN_RANGE_LOOP_ANALYSIS = YES;
				CLANG_WARN_STRICT_PROTOTYPES = YES;
				CLANG_WARN_SUSPICIOUS_MOVE = YES;
				CLANG_WARN_UNGUARDED_AVAILABILITY = YES_AGGRESSIVE;
				CLANG_WARN_UNREACHABLE_CODE = YES;
				CLANG_WARN__DUPLICATE_METHOD_MATCH = YES;
				COPY_PHASE_STRIP = NO;
				DEBUG_INFORMATION_FORMAT = "dwarf-with-dsym";
				ENABLE_NS_ASSERTIONS = NO;
				ENABLE_STRICT_OBJC_MSGSEND = YES;
				GCC_C_LANGUAGE_STANDARD = gnu11;
				GCC_NO_COMMON_BLOCKS = YES;
				GCC_WARN_64_TO_32_BIT_CONVERSION = YES;
				GCC_WARN_ABOUT_RETURN_TYPE = YES_ERROR;
				GCC_WARN_UNDECLARED_SELECTOR = YES;
				GCC_WARN_UNINITIALIZED_AUTOS = YES_AGGRESSIVE;
				GCC_WARN_UNUSED_FUNCTION = YES;
				GCC_WARN_UNUSED_VARIABLE = YES;
				IPHONEOS_DEPLOYMENT_TARGET = 16.2;
				MTL_ENABLE_DEBUG_INFO = NO;
				MTL_FAST_MATH = YES;
				SDKROOT = iphoneos;
				SWIFT_COMPILATION_MODE = wholemodule;
				SWIFT_OPTIMIZATION_LEVEL = "-O";
				VALIDATE_PRODUCT = YES;
			};
			name = Release;
		};
		4DE63F202ABF677B00550644 /* Debug */ = {
			isa = XCBuildConfiguration;
			buildSettings = {
				ASSETCATALOG_COMPILER_APPICON_NAME = AppIcon;
				ASSETCATALOG_COMPILER_GLOBAL_ACCENT_COLOR_NAME = AccentColor;
				CODE_SIGN_STYLE = Automatic;
				CURRENT_PROJECT_VERSION = 1;
				DEVELOPMENT_TEAM = KZ9ZFJVL8G;
				GENERATE_INFOPLIST_FILE = YES;
				INFOPLIST_FILE = SeveralPage/Info.plist;
				INFOPLIST_KEY_UIApplicationSupportsIndirectInputEvents = YES;
				INFOPLIST_KEY_UILaunchStoryboardName = LaunchScreen;
				INFOPLIST_KEY_UISupportedInterfaceOrientations = "UIInterfaceOrientationLandscapeLeft UIInterfaceOrientationLandscapeRight UIInterfaceOrientationPortrait";
				LD_RUNPATH_SEARCH_PATHS = (
					"$(inherited)",
					"@executable_path/Frameworks",
				);
				MARKETING_VERSION = 1.0;
				PRODUCT_BUNDLE_IDENTIFIER = Siddikjon.SeveralPage;
				PRODUCT_NAME = "$(TARGET_NAME)";
				SWIFT_EMIT_LOC_STRINGS = YES;
				SWIFT_VERSION = 5.0;
				TARGETED_DEVICE_FAMILY = "1,2";
			};
			name = Debug;
		};
		4DE63F212ABF677B00550644 /* Release */ = {
			isa = XCBuildConfiguration;
			buildSettings = {
				ASSETCATALOG_COMPILER_APPICON_NAME = AppIcon;
				ASSETCATALOG_COMPILER_GLOBAL_ACCENT_COLOR_NAME = AccentColor;
				CODE_SIGN_STYLE = Automatic;
				CURRENT_PROJECT_VERSION = 1;
				DEVELOPMENT_TEAM = KZ9ZFJVL8G;
				GENERATE_INFOPLIST_FILE = YES;
				INFOPLIST_FILE = SeveralPage/Info.plist;
				INFOPLIST_KEY_UIApplicationSupportsIndirectInputEvents = YES;
				INFOPLIST_KEY_UILaunchStoryboardName = LaunchScreen;
				INFOPLIST_KEY_UISupportedInterfaceOrientations = "UIInterfaceOrientationLandscapeLeft UIInterfaceOrientationLandscapeRight UIInterfaceOrientationPortrait";
				LD_RUNPATH_SEARCH_PATHS = (
					"$(inherited)",
					"@executable_path/Frameworks",
				);
				MARKETING_VERSION = 1.0;
				PRODUCT_BUNDLE_IDENTIFIER = Siddikjon.SeveralPage;
				PRODUCT_NAME = "$(TARGET_NAME)";
				SWIFT_EMIT_LOC_STRINGS = YES;
				SWIFT_VERSION = 5.0;
				TARGETED_DEVICE_FAMILY = "1,2";
			};
			name = Release;
		};
/* End XCBuildConfiguration section */

/* Begin XCConfigurationList section */
		4DE63F062ABF677900550644 /* Build configuration list for PBXProject "SeveralPage" */ = {
			isa = XCConfigurationList;
			buildConfigurations = (
				4DE63F1D2ABF677B00550644 /* Debug */,
				4DE63F1E2ABF677B00550644 /* Release */,
			);
			defaultConfigurationIsVisible = 0;
			defaultConfigurationName = Release;
		};
		4DE63F1F2ABF677B00550644 /* Build configuration list for PBXNativeTarget "SeveralPage" */ = {
			isa = XCConfigurationList;
			buildConfigurations = (
				4DE63F202ABF677B00550644 /* Debug */,
				4DE63F212ABF677B00550644 /* Release */,
			);
			defaultConfigurationIsVisible = 0;
			defaultConfigurationName = Release;
		};
/* End XCConfigurationList section */
	};
	rootObject = 4DE63F032ABF677900550644 /* Project object */;
}
